Microsoft Visual Studio Solution File, Format Version 9.00
# Visual C# Express 2005
Project("{FAE04EC0-301F-11D3-BF4B-00C04F79EFBC}") = "OgreNet_vcs8", "OgreNet\OgreNet_vcs8.csproj", "{FBE27FFE-2E50-49F7-81D7-0B587D17A144}"
EndProject
Project("{FAE04EC0-301F-11D3-BF4B-00C04F79EFBC}") = "DemoCEGUI_vcs8", "DemoCEGUI\DemoCEGUI_vcs8.csproj", "{0290D562-AD87-4B67-B592-6CE465393802}"
	ProjectSection(ProjectDependencies) = postProject
		{3A0F7281-8F4D-482B-818F-A1A712A607A1} = {3A0F7281-8F4D-482B-818F-A1A712A607A1}
	EndProjectSection
EndProject
Project("{FAE04EC0-301F-11D3-BF4B-00C04F79EFBC}") = "DemoWinForms_vcs8", "DemoWinForms\DemoWinForms_vcs8.csproj", "{D7E71643-9E02-4E2E-A6A1-2F35104A8A9D}"
EndProject
Project("{FAE04EC0-301F-11D3-BF4B-00C04F79EFBC}") = "DemoSkyBox_vcs8", "DemoSkyBox\DemoSkyBox_vcs8.csproj", "{3CA60154-0B47-414F-8976-8C6C5910012C}"
EndProject
Project("{FAE04EC0-301F-11D3-BF4B-00C04F79EFBC}") = "OgreNet.CeguiRenderer_vcs8", "OgreNet.Cegui\OgreNet.CeguiRenderer_vcs8.csproj", "{4D5A01C4-0E53-4E06-B8FC-F267A1431A36}"
	ProjectSection(ProjectDependencies) = postProject
		{3A0F7281-8F4D-482B-818F-A1A712A607A1} = {3A0F7281-8F4D-482B-818F-A1A712A607A1}
	EndProjectSection
EndProject
Project("{FAE04EC0-301F-11D3-BF4B-00C04F79EFBC}") = "CeguiNet_vcs8", "CeguiNet\CeguiNet_vcs8.csproj", "{32E237BF-6841-4622-98F8-C9664C167817}"
	ProjectSection(ProjectDependencies) = postProject
		{3A0F7281-8F4D-482B-818F-A1A712A607A1} = {3A0F7281-8F4D-482B-818F-A1A712A607A1}
	EndProjectSection
EndProject
Project("{FAE04EC0-301F-11D3-BF4B-00C04F79EFBC}") = "DemoCeguiMenus_vcs8", "DemoCeguiMenus\DemoCeguiMenus_vcs8.csproj", "{804223DD-ECB0-4914-A832-2A021F6874BB}"
	ProjectSection(ProjectDependencies) = postProject
		{3A0F7281-8F4D-482B-818F-A1A712A607A1} = {3A0F7281-8F4D-482B-818F-A1A712A607A1}
	EndProjectSection
EndProject
Project("{FAE04EC0-301F-11D3-BF4B-00C04F79EFBC}") = "Math3D_vcs8", "Math3D\Math3D_vcs8.csproj", "{3A0F7281-8F4D-482B-818F-A1A712A607A1}"
EndProject
Project("{FAE04EC0-301F-11D3-BF4B-00C04F79EFBC}") = "DemoParticleFX_vcs8", "DemoParticleFX\DemoParticleFX_vcs8.csproj", "{C131FDB4-8961-4279-A9DB-0353B158EBBD}"
EndProject
Project("{FAE04EC0-301F-11D3-BF4B-00C04F79EFBC}") = "DemoSkeletalAnimation_vcs8", "DemoSkeletalAnimation\DemoSkeletalAnimation_vcs8.csproj", "{261AB8E1-B922-4511-B121-210B7ED89B2C}"
	ProjectSection(ProjectDependencies) = postProject
		{3A0F7281-8F4D-482B-818F-A1A712A607A1} = {3A0F7281-8F4D-482B-818F-A1A712A607A1}
		{FBE27FFE-2E50-49F7-81D7-0B587D17A144} = {FBE27FFE-2E50-49F7-81D7-0B587D17A144}
	EndProjectSection
EndProject
Project("{FAE04EC0-301F-11D3-BF4B-00C04F79EFBC}") = "DemoFireworks_vcs8", "Samples\DemoFireworks\DemoFireworks_vcs8.csproj", "{B342F90B-CFF8-4BE1-9F3F-2188B84BE51D}"
EndProject
Project("{FAE04EC0-301F-11D3-BF4B-00C04F79EFBC}") = "DemoGrass_vcs8", "Samples\DemoGrass\DemoGrass_vcs8.csproj", "{D49193D9-952B-4B6A-B458-9D0BE0BF5FDE}"
EndProject
Project("{FAE04EC0-301F-11D3-BF4B-00C04F79EFBC}") = "DemoRSQ_vcs8", "Samples\DemoRSQ\DemoRSQ_vcs8.csproj", "{1D6734B1-60E7-4913-8B4B-B0F51DD76DCF}"
EndProject
Project("{FAE04EC0-301F-11D3-BF4B-00C04F79EFBC}") = "GangstaDotNet_vcs8", "GangstaNet\GangstaDotNet_vcs8.csproj", "{9364FF04-B3E5-48F0-A1F9-6D98A77F96B5}"
EndProject
Project("{FAE04EC0-301F-11D3-BF4B-00C04F79EFBC}") = "DemoGAPyramid_vcs8", "Samples\DemoGAPyramid\DemoGAPyramid_vcs8.csproj", "{3712436B-0125-4E48-910D-9781B8712ADF}"
EndProject
Project("{FAE04EC0-301F-11D3-BF4B-00C04F79EFBC}") = "DemoCustomObjects_vcs8", "Samples\DemoCustomObjects\DemoCustomObjects_vcs8.csproj", "{10E7681A-F093-4E6B-ABC4-2E191FFE888D}"
EndProject
Project("{FAE04EC0-301F-11D3-BF4B-00C04F79EFBC}") = "DemoRenderToTexture_vcs8", "Samples\DemoRenderToTexture\DemoRenderToTexture_vcs8.csproj", "{6D13ACF0-1705-47D9-8C2A-D77BD7592634}"
EndProject
Project("{FAE04EC0-301F-11D3-BF4B-00C04F79EFBC}") = "DemoCelShading_vcs8", "Samples\DemoCelShading\DemoCelShading_vcs8.csproj", "{B613CB8C-467F-4D07-AAD6-EB9573873954}"
EndProject
Project("{FAE04EC0-301F-11D3-BF4B-00C04F79EFBC}") = "DemoCompositor_vcs8", "Samples\DemoCompositor\DemoCompositor_vcs8.csproj", "{414386B0-D348-4E95-88F7-BF8DA276D036}"
EndProject
Global
	GlobalSection(SolutionConfigurationPlatforms) = preSolution
		Debug|Any CPU = Debug|Any CPU
		Debug|Win32 = Debug|Win32
		Release|Any CPU = Release|Any CPU
		Release|Win32 = Release|Win32
	EndGlobalSection
	GlobalSection(ProjectConfigurationPlatforms) = postSolution
		{FBE27FFE-2E50-49F7-81D7-0B587D17A144}.Debug|Any CPU.ActiveCfg = Debug|Any CPU
		{FBE27FFE-2E50-49F7-81D7-0B587D17A144}.Debug|Any CPU.Build.0 = Debug|Any CPU
		{FBE27FFE-2E50-49F7-81D7-0B587D17A144}.Debug|Win32.ActiveCfg = Debug|Any CPU
		{FBE27FFE-2E50-49F7-81D7-0B587D17A144}.Debug|Win32.Build.0 = Debug|Any CPU
		{FBE27FFE-2E50-49F7-81D7-0B587D17A144}.Release|Any CPU.ActiveCfg = Release|Any CPU
		{FBE27FFE-2E50-49F7-81D7-0B587D17A144}.Release|Any CPU.Build.0 = Release|Any CPU
		{FBE27FFE-2E50-49F7-81D7-0B587D17A144}.Release|Win32.ActiveCfg = Release|Any CPU
		{FBE27FFE-2E50-49F7-81D7-0B587D17A144}.Release|Win32.Build.0 = Release|Any CPU
		{0290D562-AD87-4B67-B592-6CE465393802}.Debug|Any CPU.ActiveCfg = Debug|Any CPU
		{0290D562-AD87-4B67-B592-6CE465393802}.Debug|Any CPU.Build.0 = Debug|Any CPU
		{0290D562-AD87-4B67-B592-6CE465393802}.Debug|Win32.ActiveCfg = Debug|Any CPU
		{0290D562-AD87-4B67-B592-6CE465393802}.Debug|Win32.Build.0 = Debug|Any CPU
		{0290D562-AD87-4B67-B592-6CE465393802}.Release|Any CPU.ActiveCfg = Release|Any CPU
		{0290D562-AD87-4B67-B592-6CE465393802}.Release|Any CPU.Build.0 = Release|Any CPU
		{0290D562-AD87-4B67-B592-6CE465393802}.Release|Win32.ActiveCfg = Release|Any CPU
		{0290D562-AD87-4B67-B592-6CE465393802}.Release|Win32.Build.0 = Release|Any CPU
		{D7E71643-9E02-4E2E-A6A1-2F35104A8A9D}.Debug|Any CPU.ActiveCfg = Debug|Any CPU
		{D7E71643-9E02-4E2E-A6A1-2F35104A8A9D}.Debug|Any CPU.Build.0 = Debug|Any CPU
		{D7E71643-9E02-4E2E-A6A1-2F35104A8A9D}.Debug|Win32.ActiveCfg = Debug|Any CPU
		{D7E71643-9E02-4E2E-A6A1-2F35104A8A9D}.Debug|Win32.Build.0 = Debug|Any CPU
		{D7E71643-9E02-4E2E-A6A1-2F35104A8A9D}.Release|Any CPU.ActiveCfg = Release|Any CPU
		{D7E71643-9E02-4E2E-A6A1-2F35104A8A9D}.Release|Any CPU.Build.0 = Release|Any CPU
		{D7E71643-9E02-4E2E-A6A1-2F35104A8A9D}.Release|Win32.ActiveCfg = Release|Any CPU
		{D7E71643-9E02-4E2E-A6A1-2F35104A8A9D}.Release|Win32.Build.0 = Release|Any CPU
		{3CA60154-0B47-414F-8976-8C6C5910012C}.Debug|Any CPU.ActiveCfg = Debug|Any CPU
		{3CA60154-0B47-414F-8976-8C6C5910012C}.Debug|Any CPU.Build.0 = Debug|Any CPU
		{3CA60154-0B47-414F-8976-8C6C5910012C}.Debug|Win32.ActiveCfg = Debug|Any CPU
		{3CA60154-0B47-414F-8976-8C6C5910012C}.Debug|Win32.Build.0 = Debug|Any CPU
		{3CA60154-0B47-414F-8976-8C6C5910012C}.Release|Any CPU.ActiveCfg = Release|Any CPU
		{3CA60154-0B47-414F-8976-8C6C5910012C}.Release|Any CPU.Build.0 = Release|Any CPU
		{3CA60154-0B47-414F-8976-8C6C5910012C}.Release|Win32.ActiveCfg = Release|Any CPU
		{3CA60154-0B47-414F-8976-8C6C5910012C}.Release|Win32.Build.0 = Release|Any CPU
		{4D5A01C4-0E53-4E06-B8FC-F267A1431A36}.Debug|Any CPU.ActiveCfg = Debug|Any CPU
		{4D5A01C4-0E53-4E06-B8FC-F267A1431A36}.Debug|Any CPU.Build.0 = Debug|Any CPU
		{4D5A01C4-0E53-4E06-B8FC-F267A1431A36}.Debug|Win32.ActiveCfg = Debug|Any CPU
		{4D5A01C4-0E53-4E06-B8FC-F267A1431A36}.Debug|Win32.Build.0 = Debug|Any CPU
		{4D5A01C4-0E53-4E06-B8FC-F267A1431A36}.Release|Any CPU.ActiveCfg = Release|Any CPU
		{4D5A01C4-0E53-4E06-B8FC-F267A1431A36}.Release|Any CPU.Build.0 = Release|Any CPU
		{4D5A01C4-0E53-4E06-B8FC-F267A1431A36}.Release|Win32.ActiveCfg = Release|Any CPU
		{4D5A01C4-0E53-4E06-B8FC-F267A1431A36}.Release|Win32.Build.0 = Release|Any CPU
		{32E237BF-6841-4622-98F8-C9664C167817}.Debug|Any CPU.ActiveCfg = Debug|Any CPU
		{32E237BF-6841-4622-98F8-C9664C167817}.Debug|Any CPU.Build.0 = Debug|Any CPU
		{32E237BF-6841-4622-98F8-C9664C167817}.Debug|Win32.ActiveCfg = Debug|Any CPU
		{32E237BF-6841-4622-98F8-C9664C167817}.Debug|Win32.Build.0 = Debug|Any CPU
		{32E237BF-6841-4622-98F8-C9664C167817}.Release|Any CPU.ActiveCfg = Release|Any CPU
		{32E237BF-6841-4622-98F8-C9664C167817}.Release|Any CPU.Build.0 = Release|Any CPU
		{32E237BF-6841-4622-98F8-C9664C167817}.Release|Win32.ActiveCfg = Release|Any CPU
		{32E237BF-6841-4622-98F8-C9664C167817}.Release|Win32.Build.0 = Release|Any CPU
		{804223DD-ECB0-4914-A832-2A021F6874BB}.Debug|Any CPU.ActiveCfg = Debug|Any CPU
		{804223DD-ECB0-4914-A832-2A021F6874BB}.Debug|Any CPU.Build.0 = Debug|Any CPU
		{804223DD-ECB0-4914-A832-2A021F6874BB}.Debug|Win32.ActiveCfg = Debug|Any CPU
		{804223DD-ECB0-4914-A832-2A021F6874BB}.Debug|Win32.Build.0 = Debug|Any CPU
		{804223DD-ECB0-4914-A832-2A021F6874BB}.Release|Any CPU.ActiveCfg = Release|Any CPU
		{804223DD-ECB0-4914-A832-2A021F6874BB}.Release|Any CPU.Build.0 = Release|Any CPU
		{804223DD-ECB0-4914-A832-2A021F6874BB}.Release|Win32.ActiveCfg = Release|Any CPU
		{804223DD-ECB0-4914-A832-2A021F6874BB}.Release|Win32.Build.0 = Release|Any CPU
		{3A0F7281-8F4D-482B-818F-A1A712A607A1}.Debug|Any CPU.ActiveCfg = Debug|Any CPU
		{3A0F7281-8F4D-482B-818F-A1A712A607A1}.Debug|Any CPU.Build.0 = Debug|Any CPU
		{3A0F7281-8F4D-482B-818F-A1A712A607A1}.Debug|Win32.ActiveCfg = Debug|Any CPU
		{3A0F7281-8F4D-482B-818F-A1A712A607A1}.Debug|Win32.Build.0 = Debug|Any CPU
		{3A0F7281-8F4D-482B-818F-A1A712A607A1}.Release|Any CPU.ActiveCfg = Release|Any CPU
		{3A0F7281-8F4D-482B-818F-A1A712A607A1}.Release|Any CPU.Build.0 = Release|Any CPU
		{3A0F7281-8F4D-482B-818F-A1A712A607A1}.Release|Win32.ActiveCfg = Release|Any CPU
		{3A0F7281-8F4D-482B-818F-A1A712A607A1}.Release|Win32.Build.0 = Release|Any CPU
		{C131FDB4-8961-4279-A9DB-0353B158EBBD}.Debug|Any CPU.ActiveCfg = Debug|Any CPU
		{C131FDB4-8961-4279-A9DB-0353B158EBBD}.Debug|Any CPU.Build.0 = Debug|Any CPU
		{C131FDB4-8961-4279-A9DB-0353B158EBBD}.Debug|Win32.ActiveCfg = Debug|Any CPU
		{C131FDB4-8961-4279-A9DB-0353B158EBBD}.Debug|Win32.Build.0 = Debug|Any CPU
		{C131FDB4-8961-4279-A9DB-0353B158EBBD}.Release|Any CPU.ActiveCfg = Release|Any CPU
		{C131FDB4-8961-4279-A9DB-0353B158EBBD}.Release|Any CPU.Build.0 = Release|Any CPU
		{C131FDB4-8961-4279-A9DB-0353B158EBBD}.Release|Win32.ActiveCfg = Release|Any CPU
		{C131FDB4-8961-4279-A9DB-0353B158EBBD}.Release|Win32.Build.0 = Release|Any CPU
		{261AB8E1-B922-4511-B121-210B7ED89B2C}.Debug|Any CPU.ActiveCfg = Debug|Any CPU
		{261AB8E1-B922-4511-B121-210B7ED89B2C}.Debug|Any CPU.Build.0 = Debug|Any CPU
		{261AB8E1-B922-4511-B121-210B7ED89B2C}.Debug|Win32.ActiveCfg = Debug|Any CPU
		{261AB8E1-B922-4511-B121-210B7ED89B2C}.Debug|Win32.Build.0 = Debug|Any CPU
		{261AB8E1-B922-4511-B121-210B7ED89B2C}.Release|Any CPU.ActiveCfg = Release|Any CPU
		{261AB8E1-B922-4511-B121-210B7ED89B2C}.Release|Any CPU.Build.0 = Release|Any CPU
		{261AB8E1-B922-4511-B121-210B7ED89B2C}.Release|Win32.ActiveCfg = Release|Any CPU
		{261AB8E1-B922-4511-B121-210B7ED89B2C}.Release|Win32.Build.0 = Release|Any CPU
		{B342F90B-CFF8-4BE1-9F3F-2188B84BE51D}.Debug|Any CPU.ActiveCfg = Debug|Any CPU
		{B342F90B-CFF8-4BE1-9F3F-2188B84BE51D}.Debug|Any CPU.Build.0 = Debug|Any CPU
		{B342F90B-CFF8-4BE1-9F3F-2188B84BE51D}.Debug|Win32.ActiveCfg = Debug|Any CPU
		{B342F90B-CFF8-4BE1-9F3F-2188B84BE51D}.Debug|Win32.Build.0 = Debug|Any CPU
		{B342F90B-CFF8-4BE1-9F3F-2188B84BE51D}.Release|Any CPU.ActiveCfg = Release|Any CPU
		{B342F90B-CFF8-4BE1-9F3F-2188B84BE51D}.Release|Any CPU.Build.0 = Release|Any CPU
		{B342F90B-CFF8-4BE1-9F3F-2188B84BE51D}.Release|Win32.ActiveCfg = Release|Any CPU
		{B342F90B-CFF8-4BE1-9F3F-2188B84BE51D}.Release|Win32.Build.0 = Release|Any CPU
		{D49193D9-952B-4B6A-B458-9D0BE0BF5FDE}.Debug|Any CPU.ActiveCfg = Debug|Any CPU
		{D49193D9-952B-4B6A-B458-9D0BE0BF5FDE}.Debug|Any CPU.Build.0 = Debug|Any CPU
		{D49193D9-952B-4B6A-B458-9D0BE0BF5FDE}.Debug|Win32.ActiveCfg = Debug|Any CPU
		{D49193D9-952B-4B6A-B458-9D0BE0BF5FDE}.Debug|Win32.Build.0 = Debug|Any CPU
		{D49193D9-952B-4B6A-B458-9D0BE0BF5FDE}.Release|Any CPU.ActiveCfg = Release|Any CPU
		{D49193D9-952B-4B6A-B458-9D0BE0BF5FDE}.Release|Any CPU.Build.0 = Release|Any CPU
		{D49193D9-952B-4B6A-B458-9D0BE0BF5FDE}.Release|Win32.ActiveCfg = Release|Any CPU
		{D49193D9-952B-4B6A-B458-9D0BE0BF5FDE}.Release|Win32.Build.0 = Release|Any CPU
		{1D6734B1-60E7-4913-8B4B-B0F51DD76DCF}.Debug|Any CPU.ActiveCfg = Debug|Any CPU
		{1D6734B1-60E7-4913-8B4B-B0F51DD76DCF}.Debug|Any CPU.Build.0 = Debug|Any CPU
		{1D6734B1-60E7-4913-8B4B-B0F51DD76DCF}.Debug|Win32.ActiveCfg = Debug|Any CPU
		{1D6734B1-60E7-4913-8B4B-B0F51DD76DCF}.Debug|Win32.Build.0 = Debug|Any CPU
		{1D6734B1-60E7-4913-8B4B-B0F51DD76DCF}.Release|Any CPU.ActiveCfg = Release|Any CPU
		{1D6734B1-60E7-4913-8B4B-B0F51DD76DCF}.Release|Any CPU.Build.0 = Release|Any CPU
		{1D6734B1-60E7-4913-8B4B-B0F51DD76DCF}.Release|Win32.ActiveCfg = Release|Any CPU
		{1D6734B1-60E7-4913-8B4B-B0F51DD76DCF}.Release|Win32.Build.0 = Release|Any CPU
		{9364FF04-B3E5-48F0-A1F9-6D98A77F96B5}.Debug|Any CPU.ActiveCfg = Debug|Any CPU
		{9364FF04-B3E5-48F0-A1F9-6D98A77F96B5}.Debug|Any CPU.Build.0 = Debug|Any CPU
		{9364FF04-B3E5-48F0-A1F9-6D98A77F96B5}.Debug|Win32.ActiveCfg = Debug|Any CPU
		{9364FF04-B3E5-48F0-A1F9-6D98A77F96B5}.Debug|Win32.Build.0 = Debug|Any CPU
		{9364FF04-B3E5-48F0-A1F9-6D98A77F96B5}.Release|Any CPU.ActiveCfg = Release|Any CPU
		{9364FF04-B3E5-48F0-A1F9-6D98A77F96B5}.Release|Any CPU.Build.0 = Release|Any CPU
		{9364FF04-B3E5-48F0-A1F9-6D98A77F96B5}.Release|Win32.ActiveCfg = Release|Any CPU
		{9364FF04-B3E5-48F0-A1F9-6D98A77F96B5}.Release|Win32.Build.0 = Release|Any CPU
		{3712436B-0125-4E48-910D-9781B8712ADF}.Debug|Any CPU.ActiveCfg = Debug|Any CPU
		{3712436B-0125-4E48-910D-9781B8712ADF}.Debug|Any CPU.Build.0 = Debug|Any CPU
		{3712436B-0125-4E48-910D-9781B8712ADF}.Debug|Win32.ActiveCfg = Debug|Any CPU
		{3712436B-0125-4E48-910D-9781B8712ADF}.Debug|Win32.Build.0 = Debug|Any CPU
		{3712436B-0125-4E48-910D-9781B8712ADF}.Release|Any CPU.ActiveCfg = Release|Any CPU
		{3712436B-0125-4E48-910D-9781B8712ADF}.Release|Any CPU.Build.0 = Release|Any CPU
		{3712436B-0125-4E48-910D-9781B8712ADF}.Release|Win32.ActiveCfg = Release|Any CPU
		{3712436B-0125-4E48-910D-9781B8712ADF}.Release|Win32.Build.0 = Release|Any CPU
		{10E7681A-F093-4E6B-ABC4-2E191FFE888D}.Debug|Any CPU.ActiveCfg = Debug|Any CPU
		{10E7681A-F093-4E6B-ABC4-2E191FFE888D}.Debug|Any CPU.Build.0 = Debug|Any CPU
		{10E7681A-F093-4E6B-ABC4-2E191FFE888D}.Debug|Win32.ActiveCfg = Debug|Any CPU
		{10E7681A-F093-4E6B-ABC4-2E191FFE888D}.Debug|Win32.Build.0 = Debug|Any CPU
		{10E7681A-F093-4E6B-ABC4-2E191FFE888D}.Release|Any CPU.ActiveCfg = Release|Any CPU
		{10E7681A-F093-4E6B-ABC4-2E191FFE888D}.Release|Any CPU.Build.0 = Release|Any CPU
		{10E7681A-F093-4E6B-ABC4-2E191FFE888D}.Release|Win32.ActiveCfg = Release|Any CPU
		{10E7681A-F093-4E6B-ABC4-2E191FFE888D}.Release|Win32.Build.0 = Release|Any CPU
		{6D13ACF0-1705-47D9-8C2A-D77BD7592634}.Debug|Any CPU.ActiveCfg = Debug|Any CPU
		{6D13ACF0-1705-47D9-8C2A-D77BD7592634}.Debug|Any CPU.Build.0 = Debug|Any CPU
		{6D13ACF0-1705-47D9-8C2A-D77BD7592634}.Debug|Win32.ActiveCfg = Debug|Any CPU
		{6D13ACF0-1705-47D9-8C2A-D77BD7592634}.Debug|Win32.Build.0 = Debug|Any CPU
		{6D13ACF0-1705-47D9-8C2A-D77BD7592634}.Release|Any CPU.ActiveCfg = Release|Any CPU
		{6D13ACF0-1705-47D9-8C2A-D77BD7592634}.Release|Any CPU.Build.0 = Release|Any CPU
		{6D13ACF0-1705-47D9-8C2A-D77BD7592634}.Release|Win32.ActiveCfg = Release|Any CPU
		{6D13ACF0-1705-47D9-8C2A-D77BD7592634}.Release|Win32.Build.0 = Release|Any CPU
		{B613CB8C-467F-4D07-AAD6-EB9573873954}.Debug|Any CPU.ActiveCfg = Debug|Any CPU
		{B613CB8C-467F-4D07-AAD6-EB9573873954}.Debug|Any CPU.Build.0 = Debug|Any CPU
		{B613CB8C-467F-4D07-AAD6-EB9573873954}.Debug|Win32.ActiveCfg = Debug|Any CPU
		{B613CB8C-467F-4D07-AAD6-EB9573873954}.Debug|Win32.Build.0 = Debug|Any CPU
		{B613CB8C-467F-4D07-AAD6-EB9573873954}.Release|Any CPU.ActiveCfg = Release|Any CPU
		{B613CB8C-467F-4D07-AAD6-EB9573873954}.Release|Any CPU.Build.0 = Release|Any CPU
		{B613CB8C-467F-4D07-AAD6-EB9573873954}.Release|Win32.ActiveCfg = Release|Any CPU
		{B613CB8C-467F-4D07-AAD6-EB9573873954}.Release|Win32.Build.0 = Release|Any CPU
		{414386B0-D348-4E95-88F7-BF8DA276D036}.Debug|Any CPU.ActiveCfg = Debug|Any CPU
		{414386B0-D348-4E95-88F7-BF8DA276D036}.Debug|Any CPU.Build.0 = Debug|Any CPU
		{414386B0-D348-4E95-88F7-BF8DA276D036}.Debug|Win32.ActiveCfg = Debug|Any CPU
		{414386B0-D348-4E95-88F7-BF8DA276D036}.Debug|Win32.Build.0 = Debug|Any CPU
		{414386B0-D348-4E95-88F7-BF8DA276D036}.Release|Any CPU.ActiveCfg = Release|Any CPU
		{414386B0-D348-4E95-88F7-BF8DA276D036}.Release|Any CPU.Build.0 = Release|Any CPU
		{414386B0-D348-4E95-88F7-BF8DA276D036}.Release|Win32.ActiveCfg = Release|Any CPU
		{414386B0-D348-4E95-88F7-BF8DA276D036}.Release|Win32.Build.0 = Release|Any CPU
	EndGlobalSection
	GlobalSection(SolutionProperties) = preSolution
		HideSolutionNode = FALSE
	EndGlobalSection
EndGlobal
